// !$*UTF8*$!
{
	archiveVersion = 1;
	classes = {
	};
	objectVersion = 50;
	objects = {

/* Begin PBXBuildFile section */
		571B14F4223A935C00630C8F /* AppDelegate.swift in Sources */ = {isa = PBXBuildFile; fileRef = 571B14F3223A935C00630C8F /* AppDelegate.swift */; };
		571B14F9223A935C00630C8F /* Main.storyboard in Resources */ = {isa = PBXBuildFile; fileRef = 571B14F7223A935C00630C8F /* Main.storyboard */; };
		571B14FC223A935C00630C8F /* Commun.xcdatamodeld in Sources */ = {isa = PBXBuildFile; fileRef = 571B14FA223A935C00630C8F /* Commun.xcdatamodeld */; };
		571B14FE223A935D00630C8F /* Assets.xcassets in Resources */ = {isa = PBXBuildFile; fileRef = 571B14FD223A935D00630C8F /* Assets.xcassets */; };
		571B1501223A935D00630C8F /* LaunchScreen.storyboard in Resources */ = {isa = PBXBuildFile; fileRef = 571B14FF223A935D00630C8F /* LaunchScreen.storyboard */; };
		571B150B223A94DE00630C8F /* TabBarVC.swift in Sources */ = {isa = PBXBuildFile; fileRef = 571B150A223A94DE00630C8F /* TabBarVC.swift */; };
		572F81A7223C164C0007F2F9 /* PostCardCell.swift in Sources */ = {isa = PBXBuildFile; fileRef = 572F81A0223C164B0007F2F9 /* PostCardCell.swift */; };
		572F81A8223C164C0007F2F9 /* PostCardCell.xib in Resources */ = {isa = PBXBuildFile; fileRef = 572F81A1223C164B0007F2F9 /* PostCardCell.xib */; };
		572F81A9223C164C0007F2F9 /* PostCardMediaCell.swift in Sources */ = {isa = PBXBuildFile; fileRef = 572F81A3223C164B0007F2F9 /* PostCardMediaCell.swift */; };
		572F81AA223C164C0007F2F9 /* PostCardMediaCell.xib in Resources */ = {isa = PBXBuildFile; fileRef = 572F81A4223C164B0007F2F9 /* PostCardMediaCell.xib */; };
		572F81AB223C164C0007F2F9 /* SF-Pro-Text-Regular.otf in Resources */ = {isa = PBXBuildFile; fileRef = 572F81A6223C164C0007F2F9 /* SF-Pro-Text-Regular.otf */; };
		572F81AF223C16940007F2F9 /* EditorWidgetCell.swift in Sources */ = {isa = PBXBuildFile; fileRef = 572F81AD223C16940007F2F9 /* EditorWidgetCell.swift */; };
		572F81B0223C16940007F2F9 /* EditorWidgetCell.xib in Resources */ = {isa = PBXBuildFile; fileRef = 572F81AE223C16940007F2F9 /* EditorWidgetCell.xib */; };
		576DC919223E41E800EDED41 /* FeedPageVC.swift in Sources */ = {isa = PBXBuildFile; fileRef = 576DC918223E41E800EDED41 /* FeedPageVC.swift */; };
		576DC91B223E41F600EDED41 /* FeedPageViewModel.swift in Sources */ = {isa = PBXBuildFile; fileRef = 576DC91A223E41F600EDED41 /* FeedPageViewModel.swift */; };
		576DC91E223E429C00EDED41 /* FeedPageVC.storyboard in Resources */ = {isa = PBXBuildFile; fileRef = 576DC91D223E429C00EDED41 /* FeedPageVC.storyboard */; };
		576DC921223E42C800EDED41 /* UIViewControllerExtension.swift in Sources */ = {isa = PBXBuildFile; fileRef = 576DC920223E42C800EDED41 /* UIViewControllerExtension.swift */; };
		576DC923223E4A4C00EDED41 /* FeedPageVC+UITableViewDataSource.swift in Sources */ = {isa = PBXBuildFile; fileRef = 576DC922223E4A4C00EDED41 /* FeedPageVC+UITableViewDataSource.swift */; };
		576DC925223E4A9600EDED41 /* FeedPageVC+UITableViewDelegate.swift in Sources */ = {isa = PBXBuildFile; fileRef = 576DC924223E4A9600EDED41 /* FeedPageVC+UITableViewDelegate.swift */; };
		57840A00223FAC1B00338FD5 /* SegmentioCellWithImageBeforeLabel.swift in Sources */ = {isa = PBXBuildFile; fileRef = 578409EE223FAC1B00338FD5 /* SegmentioCellWithImageBeforeLabel.swift */; };
		57840A01223FAC1B00338FD5 /* SegmentioCellWithImageUnderLabel.swift in Sources */ = {isa = PBXBuildFile; fileRef = 578409EF223FAC1B00338FD5 /* SegmentioCellWithImageUnderLabel.swift */; };
		57840A02223FAC1B00338FD5 /* SegmentioCell.swift in Sources */ = {isa = PBXBuildFile; fileRef = 578409F0223FAC1B00338FD5 /* SegmentioCell.swift */; };
		57840A03223FAC1B00338FD5 /* SegmentioCellWithImageAfterLabel.swift in Sources */ = {isa = PBXBuildFile; fileRef = 578409F1223FAC1B00338FD5 /* SegmentioCellWithImageAfterLabel.swift */; };
		57840A04223FAC1B00338FD5 /* SegmentioCellWithImage.swift in Sources */ = {isa = PBXBuildFile; fileRef = 578409F2223FAC1B00338FD5 /* SegmentioCellWithImage.swift */; };
		57840A05223FAC1B00338FD5 /* SegmentioCellWithLabel.swift in Sources */ = {isa = PBXBuildFile; fileRef = 578409F3223FAC1B00338FD5 /* SegmentioCellWithLabel.swift */; };
		57840A06223FAC1B00338FD5 /* SegmentioCellWithImageOverLabel.swift in Sources */ = {isa = PBXBuildFile; fileRef = 578409F4223FAC1B00338FD5 /* SegmentioCellWithImageOverLabel.swift */; };
		57840A07223FAC1B00338FD5 /* UIView+Appearance.swift in Sources */ = {isa = PBXBuildFile; fileRef = 578409F6223FAC1B00338FD5 /* UIView+Appearance.swift */; };
		57840A08223FAC1B00338FD5 /* RoundImageView.swift in Sources */ = {isa = PBXBuildFile; fileRef = 578409F7223FAC1B00338FD5 /* RoundImageView.swift */; };
		57840A09223FAC1B00338FD5 /* SegmentioOptions.swift in Sources */ = {isa = PBXBuildFile; fileRef = 578409F8223FAC1B00338FD5 /* SegmentioOptions.swift */; };
		57840A0A223FAC1B00338FD5 /* Segmentio.swift in Sources */ = {isa = PBXBuildFile; fileRef = 578409F9223FAC1B00338FD5 /* Segmentio.swift */; };
		57840A0B223FAC1B00338FD5 /* BadgeViewPresenter.swift in Sources */ = {isa = PBXBuildFile; fileRef = 578409FB223FAC1B00338FD5 /* BadgeViewPresenter.swift */; };
		57840A0C223FAC1B00338FD5 /* BadgeWithCounterViewBigSized.xib in Resources */ = {isa = PBXBuildFile; fileRef = 578409FD223FAC1B00338FD5 /* BadgeWithCounterViewBigSized.xib */; };
		57840A0D223FAC1B00338FD5 /* BadgeWithCounterViewStandardSized.xib in Resources */ = {isa = PBXBuildFile; fileRef = 578409FE223FAC1B00338FD5 /* BadgeWithCounterViewStandardSized.xib */; };
		57840A0E223FAC1B00338FD5 /* BadgeWithCounterView.swift in Sources */ = {isa = PBXBuildFile; fileRef = 578409FF223FAC1B00338FD5 /* BadgeWithCounterView.swift */; };
		57840A12223FB4D700338FD5 /* SortingWidgetCell.swift in Sources */ = {isa = PBXBuildFile; fileRef = 57840A10223FB4D700338FD5 /* SortingWidgetCell.swift */; };
		57840A13223FB4D700338FD5 /* SortingWidgetCell.xib in Resources */ = {isa = PBXBuildFile; fileRef = 57840A11223FB4D700338FD5 /* SortingWidgetCell.xib */; };
		AC807D304CD3E671C23FAE12 /* Pods_Commun.framework in Frameworks */ = {isa = PBXBuildFile; fileRef = C30DAF8A0C2BCAAC2DA4F5F7 /* Pods_Commun.framework */; };
/* End PBXBuildFile section */

/* Begin PBXFileReference section */
		3DC32AC7AD504D0A2DA0FB7B /* Pods-Commun.debug.xcconfig */ = {isa = PBXFileReference; includeInIndex = 1; lastKnownFileType = text.xcconfig; name = "Pods-Commun.debug.xcconfig"; path = "Pods/Target Support Files/Pods-Commun/Pods-Commun.debug.xcconfig"; sourceTree = "<group>"; };
		571B14F0223A935C00630C8F /* Commun.app */ = {isa = PBXFileReference; explicitFileType = wrapper.application; includeInIndex = 0; path = Commun.app; sourceTree = BUILT_PRODUCTS_DIR; };
		571B14F3223A935C00630C8F /* AppDelegate.swift */ = {isa = PBXFileReference; lastKnownFileType = sourcecode.swift; path = AppDelegate.swift; sourceTree = "<group>"; };
		571B14F8223A935C00630C8F /* Base */ = {isa = PBXFileReference; lastKnownFileType = file.storyboard; name = Base; path = Base.lproj/Main.storyboard; sourceTree = "<group>"; };
		571B14FB223A935C00630C8F /* Commun.xcdatamodel */ = {isa = PBXFileReference; lastKnownFileType = wrapper.xcdatamodel; path = Commun.xcdatamodel; sourceTree = "<group>"; };
		571B14FD223A935D00630C8F /* Assets.xcassets */ = {isa = PBXFileReference; lastKnownFileType = folder.assetcatalog; path = Assets.xcassets; sourceTree = "<group>"; };
		571B1500223A935D00630C8F /* Base */ = {isa = PBXFileReference; lastKnownFileType = file.storyboard; name = Base; path = Base.lproj/LaunchScreen.storyboard; sourceTree = "<group>"; };
		571B1502223A935D00630C8F /* Info.plist */ = {isa = PBXFileReference; lastKnownFileType = text.plist.xml; path = Info.plist; sourceTree = "<group>"; };
		571B150A223A94DE00630C8F /* TabBarVC.swift */ = {isa = PBXFileReference; lastKnownFileType = sourcecode.swift; path = TabBarVC.swift; sourceTree = "<group>"; };
		572F81A0223C164B0007F2F9 /* PostCardCell.swift */ = {isa = PBXFileReference; fileEncoding = 4; lastKnownFileType = sourcecode.swift; path = PostCardCell.swift; sourceTree = "<group>"; };
		572F81A1223C164B0007F2F9 /* PostCardCell.xib */ = {isa = PBXFileReference; fileEncoding = 4; lastKnownFileType = file.xib; path = PostCardCell.xib; sourceTree = "<group>"; };
		572F81A3223C164B0007F2F9 /* PostCardMediaCell.swift */ = {isa = PBXFileReference; fileEncoding = 4; lastKnownFileType = sourcecode.swift; path = PostCardMediaCell.swift; sourceTree = "<group>"; };
		572F81A4223C164B0007F2F9 /* PostCardMediaCell.xib */ = {isa = PBXFileReference; fileEncoding = 4; lastKnownFileType = file.xib; path = PostCardMediaCell.xib; sourceTree = "<group>"; };
		572F81A6223C164C0007F2F9 /* SF-Pro-Text-Regular.otf */ = {isa = PBXFileReference; lastKnownFileType = file; path = "SF-Pro-Text-Regular.otf"; sourceTree = "<group>"; };
		572F81AD223C16940007F2F9 /* EditorWidgetCell.swift */ = {isa = PBXFileReference; fileEncoding = 4; lastKnownFileType = sourcecode.swift; path = EditorWidgetCell.swift; sourceTree = "<group>"; };
		572F81AE223C16940007F2F9 /* EditorWidgetCell.xib */ = {isa = PBXFileReference; fileEncoding = 4; lastKnownFileType = file.xib; path = EditorWidgetCell.xib; sourceTree = "<group>"; };
		576DC915223E406F00EDED41 /* ru */ = {isa = PBXFileReference; lastKnownFileType = text.plist.strings; name = ru; path = ru.lproj/Main.strings; sourceTree = "<group>"; };
		576DC916223E406F00EDED41 /* ru */ = {isa = PBXFileReference; lastKnownFileType = text.plist.strings; name = ru; path = ru.lproj/LaunchScreen.strings; sourceTree = "<group>"; };
		576DC918223E41E800EDED41 /* FeedPageVC.swift */ = {isa = PBXFileReference; lastKnownFileType = sourcecode.swift; path = FeedPageVC.swift; sourceTree = "<group>"; };
		576DC91A223E41F600EDED41 /* FeedPageViewModel.swift */ = {isa = PBXFileReference; lastKnownFileType = sourcecode.swift; path = FeedPageViewModel.swift; sourceTree = "<group>"; };
		576DC91D223E429C00EDED41 /* FeedPageVC.storyboard */ = {isa = PBXFileReference; lastKnownFileType = file.storyboard; path = FeedPageVC.storyboard; sourceTree = "<group>"; };
		576DC920223E42C800EDED41 /* UIViewControllerExtension.swift */ = {isa = PBXFileReference; lastKnownFileType = sourcecode.swift; path = UIViewControllerExtension.swift; sourceTree = "<group>"; };
		576DC922223E4A4C00EDED41 /* FeedPageVC+UITableViewDataSource.swift */ = {isa = PBXFileReference; lastKnownFileType = sourcecode.swift; path = "FeedPageVC+UITableViewDataSource.swift"; sourceTree = "<group>"; };
		576DC924223E4A9600EDED41 /* FeedPageVC+UITableViewDelegate.swift */ = {isa = PBXFileReference; lastKnownFileType = sourcecode.swift; path = "FeedPageVC+UITableViewDelegate.swift"; sourceTree = "<group>"; };
		578409EE223FAC1B00338FD5 /* SegmentioCellWithImageBeforeLabel.swift */ = {isa = PBXFileReference; fileEncoding = 4; lastKnownFileType = sourcecode.swift; path = SegmentioCellWithImageBeforeLabel.swift; sourceTree = "<group>"; };
		578409EF223FAC1B00338FD5 /* SegmentioCellWithImageUnderLabel.swift */ = {isa = PBXFileReference; fileEncoding = 4; lastKnownFileType = sourcecode.swift; path = SegmentioCellWithImageUnderLabel.swift; sourceTree = "<group>"; };
		578409F0223FAC1B00338FD5 /* SegmentioCell.swift */ = {isa = PBXFileReference; fileEncoding = 4; lastKnownFileType = sourcecode.swift; path = SegmentioCell.swift; sourceTree = "<group>"; };
		578409F1223FAC1B00338FD5 /* SegmentioCellWithImageAfterLabel.swift */ = {isa = PBXFileReference; fileEncoding = 4; lastKnownFileType = sourcecode.swift; path = SegmentioCellWithImageAfterLabel.swift; sourceTree = "<group>"; };
		578409F2223FAC1B00338FD5 /* SegmentioCellWithImage.swift */ = {isa = PBXFileReference; fileEncoding = 4; lastKnownFileType = sourcecode.swift; path = SegmentioCellWithImage.swift; sourceTree = "<group>"; };
		578409F3223FAC1B00338FD5 /* SegmentioCellWithLabel.swift */ = {isa = PBXFileReference; fileEncoding = 4; lastKnownFileType = sourcecode.swift; path = SegmentioCellWithLabel.swift; sourceTree = "<group>"; };
		578409F4223FAC1B00338FD5 /* SegmentioCellWithImageOverLabel.swift */ = {isa = PBXFileReference; fileEncoding = 4; lastKnownFileType = sourcecode.swift; path = SegmentioCellWithImageOverLabel.swift; sourceTree = "<group>"; };
		578409F6223FAC1B00338FD5 /* UIView+Appearance.swift */ = {isa = PBXFileReference; fileEncoding = 4; lastKnownFileType = sourcecode.swift; path = "UIView+Appearance.swift"; sourceTree = "<group>"; };
		578409F7223FAC1B00338FD5 /* RoundImageView.swift */ = {isa = PBXFileReference; fileEncoding = 4; lastKnownFileType = sourcecode.swift; path = RoundImageView.swift; sourceTree = "<group>"; };
		578409F8223FAC1B00338FD5 /* SegmentioOptions.swift */ = {isa = PBXFileReference; fileEncoding = 4; lastKnownFileType = sourcecode.swift; path = SegmentioOptions.swift; sourceTree = "<group>"; };
		578409F9223FAC1B00338FD5 /* Segmentio.swift */ = {isa = PBXFileReference; fileEncoding = 4; lastKnownFileType = sourcecode.swift; path = Segmentio.swift; sourceTree = "<group>"; };
		578409FB223FAC1B00338FD5 /* BadgeViewPresenter.swift */ = {isa = PBXFileReference; fileEncoding = 4; lastKnownFileType = sourcecode.swift; path = BadgeViewPresenter.swift; sourceTree = "<group>"; };
		578409FD223FAC1B00338FD5 /* BadgeWithCounterViewBigSized.xib */ = {isa = PBXFileReference; fileEncoding = 4; lastKnownFileType = file.xib; path = BadgeWithCounterViewBigSized.xib; sourceTree = "<group>"; };
		578409FE223FAC1B00338FD5 /* BadgeWithCounterViewStandardSized.xib */ = {isa = PBXFileReference; fileEncoding = 4; lastKnownFileType = file.xib; path = BadgeWithCounterViewStandardSized.xib; sourceTree = "<group>"; };
		578409FF223FAC1B00338FD5 /* BadgeWithCounterView.swift */ = {isa = PBXFileReference; fileEncoding = 4; lastKnownFileType = sourcecode.swift; path = BadgeWithCounterView.swift; sourceTree = "<group>"; };
		57840A10223FB4D700338FD5 /* SortingWidgetCell.swift */ = {isa = PBXFileReference; lastKnownFileType = sourcecode.swift; path = SortingWidgetCell.swift; sourceTree = "<group>"; };
		57840A11223FB4D700338FD5 /* SortingWidgetCell.xib */ = {isa = PBXFileReference; lastKnownFileType = file.xib; path = SortingWidgetCell.xib; sourceTree = "<group>"; };
		8F718AA90733822C063D8D9F /* Pods-Commun.release.xcconfig */ = {isa = PBXFileReference; includeInIndex = 1; lastKnownFileType = text.xcconfig; name = "Pods-Commun.release.xcconfig"; path = "Pods/Target Support Files/Pods-Commun/Pods-Commun.release.xcconfig"; sourceTree = "<group>"; };
		C30DAF8A0C2BCAAC2DA4F5F7 /* Pods_Commun.framework */ = {isa = PBXFileReference; explicitFileType = wrapper.framework; includeInIndex = 0; path = Pods_Commun.framework; sourceTree = BUILT_PRODUCTS_DIR; };
/* End PBXFileReference section */

/* Begin PBXFrameworksBuildPhase section */
		571B14ED223A935C00630C8F /* Frameworks */ = {
			isa = PBXFrameworksBuildPhase;
			buildActionMask = 2147483647;
			files = (
				AC807D304CD3E671C23FAE12 /* Pods_Commun.framework in Frameworks */,
			);
			runOnlyForDeploymentPostprocessing = 0;
		};
/* End PBXFrameworksBuildPhase section */

/* Begin PBXGroup section */
		02ECB4CC76514CF79B0FE664 /* Frameworks */ = {
			isa = PBXGroup;
			children = (
				C30DAF8A0C2BCAAC2DA4F5F7 /* Pods_Commun.framework */,
			);
			name = Frameworks;
			sourceTree = "<group>";
		};
		571B14E7223A935C00630C8F = {
			isa = PBXGroup;
			children = (
				571B14F2223A935C00630C8F /* Commun */,
				571B14F1223A935C00630C8F /* Products */,
				9D3E817BE4550764E6E23B1C /* Pods */,
				02ECB4CC76514CF79B0FE664 /* Frameworks */,
			);
			sourceTree = "<group>";
		};
		571B14F1223A935C00630C8F /* Products */ = {
			isa = PBXGroup;
			children = (
				571B14F0223A935C00630C8F /* Commun.app */,
			);
			name = Products;
			sourceTree = "<group>";
		};
		571B14F2223A935C00630C8F /* Commun */ = {
			isa = PBXGroup;
			children = (
				571B14F3223A935C00630C8F /* AppDelegate.swift */,
				578409EA223FAC0000338FD5 /* Vendor */,
				576DC91F223E42B200EDED41 /* Extensions */,
				572F81A5223C164C0007F2F9 /* Fonts */,
				576DC91C223E421A00EDED41 /* Cells */,
				571B1508223A937200630C8F /* Controllers */,
				571B14F7223A935C00630C8F /* Main.storyboard */,
				571B14FD223A935D00630C8F /* Assets.xcassets */,
				571B14FF223A935D00630C8F /* LaunchScreen.storyboard */,
				571B1502223A935D00630C8F /* Info.plist */,
				571B14FA223A935C00630C8F /* Commun.xcdatamodeld */,
			);
			path = Commun;
			sourceTree = "<group>";
		};
		571B1508223A937200630C8F /* Controllers */ = {
			isa = PBXGroup;
			children = (
				576DC917223E41CA00EDED41 /* FeedPageVC */,
				571B1509223A94CD00630C8F /* TabBarController */,
			);
			path = Controllers;
			sourceTree = "<group>";
		};
		571B1509223A94CD00630C8F /* TabBarController */ = {
			isa = PBXGroup;
			children = (
				571B150A223A94DE00630C8F /* TabBarVC.swift */,
			);
			path = TabBarController;
			sourceTree = "<group>";
		};
		572F819F223C164B0007F2F9 /* PostCardCell */ = {
			isa = PBXGroup;
			children = (
				572F81A0223C164B0007F2F9 /* PostCardCell.swift */,
				572F81A1223C164B0007F2F9 /* PostCardCell.xib */,
			);
			path = PostCardCell;
			sourceTree = "<group>";
		};
		572F81A2223C164B0007F2F9 /* PostCardMediaCell */ = {
			isa = PBXGroup;
			children = (
				572F81A3223C164B0007F2F9 /* PostCardMediaCell.swift */,
				572F81A4223C164B0007F2F9 /* PostCardMediaCell.xib */,
			);
			path = PostCardMediaCell;
			sourceTree = "<group>";
		};
		572F81A5223C164C0007F2F9 /* Fonts */ = {
			isa = PBXGroup;
			children = (
				572F81A6223C164C0007F2F9 /* SF-Pro-Text-Regular.otf */,
			);
			path = Fonts;
			sourceTree = "<group>";
		};
		572F81AC223C16940007F2F9 /* EditorWidgetCell */ = {
			isa = PBXGroup;
			children = (
				572F81AD223C16940007F2F9 /* EditorWidgetCell.swift */,
				572F81AE223C16940007F2F9 /* EditorWidgetCell.xib */,
			);
			path = EditorWidgetCell;
			sourceTree = "<group>";
		};
		576DC917223E41CA00EDED41 /* FeedPageVC */ = {
			isa = PBXGroup;
			children = (
				576DC91A223E41F600EDED41 /* FeedPageViewModel.swift */,
				576DC918223E41E800EDED41 /* FeedPageVC.swift */,
				576DC922223E4A4C00EDED41 /* FeedPageVC+UITableViewDataSource.swift */,
				576DC924223E4A9600EDED41 /* FeedPageVC+UITableViewDelegate.swift */,
				576DC91D223E429C00EDED41 /* FeedPageVC.storyboard */,
			);
			path = FeedPageVC;
			sourceTree = "<group>";
		};
		576DC91C223E421A00EDED41 /* Cells */ = {
			isa = PBXGroup;
			children = (
				57840A0F223FB49600338FD5 /* SortingWidgetCell */,
				572F819F223C164B0007F2F9 /* PostCardCell */,
				572F81A2223C164B0007F2F9 /* PostCardMediaCell */,
				572F81AC223C16940007F2F9 /* EditorWidgetCell */,
			);
			path = Cells;
			sourceTree = "<group>";
		};
		576DC91F223E42B200EDED41 /* Extensions */ = {
			isa = PBXGroup;
			children = (
				576DC920223E42C800EDED41 /* UIViewControllerExtension.swift */,
			);
			path = Extensions;
			sourceTree = "<group>";
		};
		578409EA223FAC0000338FD5 /* Vendor */ = {
			isa = PBXGroup;
			children = (
				578409EB223FAC1B00338FD5 /* Segmentio */,
			);
			path = Vendor;
			sourceTree = "<group>";
		};
		578409EB223FAC1B00338FD5 /* Segmentio */ = {
			isa = PBXGroup;
			children = (
				578409EC223FAC1B00338FD5 /* Source */,
			);
			path = Segmentio;
			sourceTree = "<group>";
		};
		578409EC223FAC1B00338FD5 /* Source */ = {
			isa = PBXGroup;
			children = (
				578409ED223FAC1B00338FD5 /* Cells */,
				578409F5223FAC1B00338FD5 /* Extensions */,
				578409F8223FAC1B00338FD5 /* SegmentioOptions.swift */,
				578409F9223FAC1B00338FD5 /* Segmentio.swift */,
				578409FA223FAC1B00338FD5 /* Badge */,
			);
			path = Source;
			sourceTree = "<group>";
		};
		578409ED223FAC1B00338FD5 /* Cells */ = {
			isa = PBXGroup;
			children = (
				578409EE223FAC1B00338FD5 /* SegmentioCellWithImageBeforeLabel.swift */,
				578409EF223FAC1B00338FD5 /* SegmentioCellWithImageUnderLabel.swift */,
				578409F0223FAC1B00338FD5 /* SegmentioCell.swift */,
				578409F1223FAC1B00338FD5 /* SegmentioCellWithImageAfterLabel.swift */,
				578409F2223FAC1B00338FD5 /* SegmentioCellWithImage.swift */,
				578409F3223FAC1B00338FD5 /* SegmentioCellWithLabel.swift */,
				578409F4223FAC1B00338FD5 /* SegmentioCellWithImageOverLabel.swift */,
			);
			path = Cells;
			sourceTree = "<group>";
		};
		578409F5223FAC1B00338FD5 /* Extensions */ = {
			isa = PBXGroup;
			children = (
				578409F6223FAC1B00338FD5 /* UIView+Appearance.swift */,
				578409F7223FAC1B00338FD5 /* RoundImageView.swift */,
			);
			path = Extensions;
			sourceTree = "<group>";
		};
		578409FA223FAC1B00338FD5 /* Badge */ = {
			isa = PBXGroup;
			children = (
				578409FB223FAC1B00338FD5 /* BadgeViewPresenter.swift */,
				578409FC223FAC1B00338FD5 /* Views */,
			);
			path = Badge;
			sourceTree = "<group>";
		};
		578409FC223FAC1B00338FD5 /* Views */ = {
			isa = PBXGroup;
			children = (
				578409FD223FAC1B00338FD5 /* BadgeWithCounterViewBigSized.xib */,
				578409FE223FAC1B00338FD5 /* BadgeWithCounterViewStandardSized.xib */,
				578409FF223FAC1B00338FD5 /* BadgeWithCounterView.swift */,
			);
			path = Views;
			sourceTree = "<group>";
		};
		57840A0F223FB49600338FD5 /* SortingWidgetCell */ = {
			isa = PBXGroup;
			children = (
				57840A10223FB4D700338FD5 /* SortingWidgetCell.swift */,
				57840A11223FB4D700338FD5 /* SortingWidgetCell.xib */,
			);
			path = SortingWidgetCell;
			sourceTree = "<group>";
		};
		9D3E817BE4550764E6E23B1C /* Pods */ = {
			isa = PBXGroup;
			children = (
				3DC32AC7AD504D0A2DA0FB7B /* Pods-Commun.debug.xcconfig */,
				8F718AA90733822C063D8D9F /* Pods-Commun.release.xcconfig */,
			);
			name = Pods;
			sourceTree = "<group>";
		};
/* End PBXGroup section */

/* Begin PBXNativeTarget section */
		571B14EF223A935C00630C8F /* Commun */ = {
			isa = PBXNativeTarget;
			buildConfigurationList = 571B1505223A935D00630C8F /* Build configuration list for PBXNativeTarget "Commun" */;
			buildPhases = (
				2B094F7FBE2B576A1C8566B2 /* [CP] Check Pods Manifest.lock */,
				571B14EC223A935C00630C8F /* Sources */,
				571B14ED223A935C00630C8F /* Frameworks */,
				571B14EE223A935C00630C8F /* Resources */,
				6D0F0A8BFD09E92CF6ECAF38 /* [CP] Embed Pods Frameworks */,
			);
			buildRules = (
			);
			dependencies = (
			);
			name = Commun;
			productName = Commun;
			productReference = 571B14F0223A935C00630C8F /* Commun.app */;
			productType = "com.apple.product-type.application";
		};
/* End PBXNativeTarget section */

/* Begin PBXProject section */
		571B14E8223A935C00630C8F /* Project object */ = {
			isa = PBXProject;
			attributes = {
				LastSwiftUpdateCheck = 1010;
				LastUpgradeCheck = 1010;
				ORGANIZATIONNAME = "Maxim Prigozhenkov";
				TargetAttributes = {
					571B14EF223A935C00630C8F = {
						CreatedOnToolsVersion = 10.1;
					};
				};
			};
			buildConfigurationList = 571B14EB223A935C00630C8F /* Build configuration list for PBXProject "Commun" */;
			compatibilityVersion = "Xcode 9.3";
			developmentRegion = en;
			hasScannedForEncodings = 0;
			knownRegions = (
				en,
				Base,
			);
			mainGroup = 571B14E7223A935C00630C8F;
			productRefGroup = 571B14F1223A935C00630C8F /* Products */;
			projectDirPath = "";
			projectRoot = "";
			targets = (
				571B14EF223A935C00630C8F /* Commun */,
			);
		};
/* End PBXProject section */

/* Begin PBXResourcesBuildPhase section */
		571B14EE223A935C00630C8F /* Resources */ = {
			isa = PBXResourcesBuildPhase;
			buildActionMask = 2147483647;
			files = (
				572F81B0223C16940007F2F9 /* EditorWidgetCell.xib in Resources */,
				572F81AB223C164C0007F2F9 /* SF-Pro-Text-Regular.otf in Resources */,
				57840A0C223FAC1B00338FD5 /* BadgeWithCounterViewBigSized.xib in Resources */,
				571B1501223A935D00630C8F /* LaunchScreen.storyboard in Resources */,
				572F81AA223C164C0007F2F9 /* PostCardMediaCell.xib in Resources */,
				572F81A8223C164C0007F2F9 /* PostCardCell.xib in Resources */,
				57840A0D223FAC1B00338FD5 /* BadgeWithCounterViewStandardSized.xib in Resources */,
				571B14FE223A935D00630C8F /* Assets.xcassets in Resources */,
				576DC91E223E429C00EDED41 /* FeedPageVC.storyboard in Resources */,
				57840A13223FB4D700338FD5 /* SortingWidgetCell.xib in Resources */,
				571B14F9223A935C00630C8F /* Main.storyboard in Resources */,
			);
			runOnlyForDeploymentPostprocessing = 0;
		};
/* End PBXResourcesBuildPhase section */

/* Begin PBXShellScriptBuildPhase section */
		2B094F7FBE2B576A1C8566B2 /* [CP] Check Pods Manifest.lock */ = {
			isa = PBXShellScriptBuildPhase;
			buildActionMask = 2147483647;
			files = (
			);
			inputFileListPaths = (
			);
			inputPaths = (
				"${PODS_PODFILE_DIR_PATH}/Podfile.lock",
				"${PODS_ROOT}/Manifest.lock",
			);
			name = "[CP] Check Pods Manifest.lock";
			outputFileListPaths = (
			);
			outputPaths = (
				"$(DERIVED_FILE_DIR)/Pods-Commun-checkManifestLockResult.txt",
			);
			runOnlyForDeploymentPostprocessing = 0;
			shellPath = /bin/sh;
			shellScript = "diff \"${PODS_PODFILE_DIR_PATH}/Podfile.lock\" \"${PODS_ROOT}/Manifest.lock\" > /dev/null\nif [ $? != 0 ] ; then\n    # print error to STDERR\n    echo \"error: The sandbox is not in sync with the Podfile.lock. Run 'pod install' or update your CocoaPods installation.\" >&2\n    exit 1\nfi\n# This output is used by Xcode 'outputs' to avoid re-running this script phase.\necho \"SUCCESS\" > \"${SCRIPT_OUTPUT_FILE_0}\"\n";
			showEnvVarsInLog = 0;
		};
		6D0F0A8BFD09E92CF6ECAF38 /* [CP] Embed Pods Frameworks */ = {
			isa = PBXShellScriptBuildPhase;
			buildActionMask = 2147483647;
			files = (
			);
			inputFileListPaths = (
			);
			inputPaths = (
				"${SRCROOT}/Pods/Target Support Files/Pods-Commun/Pods-Commun-frameworks.sh",
				"${BUILT_PRODUCTS_DIR}/Alamofire/Alamofire.framework",
				"${BUILT_PRODUCTS_DIR}/RxAtomic/RxAtomic.framework",
				"${BUILT_PRODUCTS_DIR}/RxCocoa/RxCocoa.framework",
				"${BUILT_PRODUCTS_DIR}/RxSwift/RxSwift.framework",
				"${BUILT_PRODUCTS_DIR}/Swinject/Swinject.framework",
			);
			name = "[CP] Embed Pods Frameworks";
			outputFileListPaths = (
			);
			outputPaths = (
				"${TARGET_BUILD_DIR}/${FRAMEWORKS_FOLDER_PATH}/Alamofire.framework",
				"${TARGET_BUILD_DIR}/${FRAMEWORKS_FOLDER_PATH}/RxAtomic.framework",
				"${TARGET_BUILD_DIR}/${FRAMEWORKS_FOLDER_PATH}/RxCocoa.framework",
				"${TARGET_BUILD_DIR}/${FRAMEWORKS_FOLDER_PATH}/RxSwift.framework",
				"${TARGET_BUILD_DIR}/${FRAMEWORKS_FOLDER_PATH}/Swinject.framework",
			);
			runOnlyForDeploymentPostprocessing = 0;
			shellPath = /bin/sh;
			shellScript = "\"${SRCROOT}/Pods/Target Support Files/Pods-Commun/Pods-Commun-frameworks.sh\"\n";
			showEnvVarsInLog = 0;
		};
/* End PBXShellScriptBuildPhase section */

/* Begin PBXSourcesBuildPhase section */
		571B14EC223A935C00630C8F /* Sources */ = {
			isa = PBXSourcesBuildPhase;
			buildActionMask = 2147483647;
			files = (
				576DC919223E41E800EDED41 /* FeedPageVC.swift in Sources */,
				57840A04223FAC1B00338FD5 /* SegmentioCellWithImage.swift in Sources */,
				571B14FC223A935C00630C8F /* Commun.xcdatamodeld in Sources */,
				576DC921223E42C800EDED41 /* UIViewControllerExtension.swift in Sources */,
				57840A07223FAC1B00338FD5 /* UIView+Appearance.swift in Sources */,
				57840A08223FAC1B00338FD5 /* RoundImageView.swift in Sources */,
				572F81A7223C164C0007F2F9 /* PostCardCell.swift in Sources */,
				57840A03223FAC1B00338FD5 /* SegmentioCellWithImageAfterLabel.swift in Sources */,
				571B150B223A94DE00630C8F /* TabBarVC.swift in Sources */,
				57840A05223FAC1B00338FD5 /* SegmentioCellWithLabel.swift in Sources */,
				576DC925223E4A9600EDED41 /* FeedPageVC+UITableViewDelegate.swift in Sources */,
				572F81A9223C164C0007F2F9 /* PostCardMediaCell.swift in Sources */,
				57840A00223FAC1B00338FD5 /* SegmentioCellWithImageBeforeLabel.swift in Sources */,
				57840A0A223FAC1B00338FD5 /* Segmentio.swift in Sources */,
				57840A01223FAC1B00338FD5 /* SegmentioCellWithImageUnderLabel.swift in Sources */,
				57840A0E223FAC1B00338FD5 /* BadgeWithCounterView.swift in Sources */,
				57840A06223FAC1B00338FD5 /* SegmentioCellWithImageOverLabel.swift in Sources */,
				576DC923223E4A4C00EDED41 /* FeedPageVC+UITableViewDataSource.swift in Sources */,
				572F81AF223C16940007F2F9 /* EditorWidgetCell.swift in Sources */,
				57840A12223FB4D700338FD5 /* SortingWidgetCell.swift in Sources */,
				57840A02223FAC1B00338FD5 /* SegmentioCell.swift in Sources */,
				57840A09223FAC1B00338FD5 /* SegmentioOptions.swift in Sources */,
				571B14F4223A935C00630C8F /* AppDelegate.swift in Sources */,
				57840A0B223FAC1B00338FD5 /* BadgeViewPresenter.swift in Sources */,
				576DC91B223E41F600EDED41 /* FeedPageViewModel.swift in Sources */,
			);
			runOnlyForDeploymentPostprocessing = 0;
		};
/* End PBXSourcesBuildPhase section */

/* Begin PBXVariantGroup section */
		571B14F7223A935C00630C8F /* Main.storyboard */ = {
			isa = PBXVariantGroup;
			children = (
				571B14F8223A935C00630C8F /* Base */,
				576DC915223E406F00EDED41 /* ru */,
			);
			name = Main.storyboard;
			sourceTree = "<group>";
		};
		571B14FF223A935D00630C8F /* LaunchScreen.storyboard */ = {
			isa = PBXVariantGroup;
			children = (
				571B1500223A935D00630C8F /* Base */,
				576DC916223E406F00EDED41 /* ru */,
			);
			name = LaunchScreen.storyboard;
			sourceTree = "<group>";
		};
/* End PBXVariantGroup section */

/* Begin XCBuildConfiguration section */
		571B1503223A935D00630C8F /* Debug */ = {
			isa = XCBuildConfiguration;
			buildSettings = {
				ALWAYS_SEARCH_USER_PATHS = NO;
				CLANG_ANALYZER_LOCALIZABILITY_NONLOCALIZED = YES;
				CLANG_ANALYZER_NONNULL = YES;
				CLANG_ANALYZER_NUMBER_OBJECT_CONVERSION = YES_AGGRESSIVE;
				CLANG_CXX_LANGUAGE_STANDARD = "gnu++14";
				CLANG_CXX_LIBRARY = "libc++";
				CLANG_ENABLE_MODULES = YES;
				CLANG_ENABLE_OBJC_ARC = YES;
				CLANG_ENABLE_OBJC_WEAK = YES;
				CLANG_WARN_BLOCK_CAPTURE_AUTORELEASING = YES;
				CLANG_WARN_BOOL_CONVERSION = YES;
				CLANG_WARN_COMMA = YES;
				CLANG_WARN_CONSTANT_CONVERSION = YES;
				CLANG_WARN_DEPRECATED_OBJC_IMPLEMENTATIONS = YES;
				CLANG_WARN_DIRECT_OBJC_ISA_USAGE = YES_ERROR;
				CLANG_WARN_DOCUMENTATION_COMMENTS = YES;
				CLANG_WARN_EMPTY_BODY = YES;
				CLANG_WARN_ENUM_CONVERSION = YES;
				CLANG_WARN_INFINITE_RECURSION = YES;
				CLANG_WARN_INT_CONVERSION = YES;
				CLANG_WARN_NON_LITERAL_NULL_CONVERSION = YES;
				CLANG_WARN_OBJC_IMPLICIT_RETAIN_SELF = YES;
				CLANG_WARN_OBJC_LITERAL_CONVERSION = YES;
				CLANG_WARN_OBJC_ROOT_CLASS = YES_ERROR;
				CLANG_WARN_RANGE_LOOP_ANALYSIS = YES;
				CLANG_WARN_STRICT_PROTOTYPES = YES;
				CLANG_WARN_SUSPICIOUS_MOVE = YES;
				CLANG_WARN_UNGUARDED_AVAILABILITY = YES_AGGRESSIVE;
				CLANG_WARN_UNREACHABLE_CODE = YES;
				CLANG_WARN__DUPLICATE_METHOD_MATCH = YES;
				CODE_SIGN_IDENTITY = "iPhone Developer";
				COPY_PHASE_STRIP = NO;
				DEBUG_INFORMATION_FORMAT = dwarf;
				ENABLE_STRICT_OBJC_MSGSEND = YES;
				ENABLE_TESTABILITY = YES;
				GCC_C_LANGUAGE_STANDARD = gnu11;
				GCC_DYNAMIC_NO_PIC = NO;
				GCC_NO_COMMON_BLOCKS = YES;
				GCC_OPTIMIZATION_LEVEL = 0;
				GCC_PREPROCESSOR_DEFINITIONS = (
					"DEBUG=1",
					"$(inherited)",
				);
				GCC_WARN_64_TO_32_BIT_CONVERSION = YES;
				GCC_WARN_ABOUT_RETURN_TYPE = YES_ERROR;
				GCC_WARN_UNDECLARED_SELECTOR = YES;
				GCC_WARN_UNINITIALIZED_AUTOS = YES_AGGRESSIVE;
				GCC_WARN_UNUSED_FUNCTION = YES;
				GCC_WARN_UNUSED_VARIABLE = YES;
				IPHONEOS_DEPLOYMENT_TARGET = 10.0;
				MTL_ENABLE_DEBUG_INFO = INCLUDE_SOURCE;
				MTL_FAST_MATH = YES;
				ONLY_ACTIVE_ARCH = YES;
				SDKROOT = iphoneos;
				SWIFT_ACTIVE_COMPILATION_CONDITIONS = DEBUG;
				SWIFT_OPTIMIZATION_LEVEL = "-Onone";
			};
			name = Debug;
		};
		571B1504223A935D00630C8F /* Release */ = {
			isa = XCBuildConfiguration;
			buildSettings = {
				ALWAYS_SEARCH_USER_PATHS = NO;
				CLANG_ANALYZER_LOCALIZABILITY_NONLOCALIZED = YES;
				CLANG_ANALYZER_NONNULL = YES;
				CLANG_ANALYZER_NUMBER_OBJECT_CONVERSION = YES_AGGRESSIVE;
				CLANG_CXX_LANGUAGE_STANDARD = "gnu++14";
				CLANG_CXX_LIBRARY = "libc++";
				CLANG_ENABLE_MODULES = YES;
				CLANG_ENABLE_OBJC_ARC = YES;
				CLANG_ENABLE_OBJC_WEAK = YES;
				CLANG_WARN_BLOCK_CAPTURE_AUTORELEASING = YES;
				CLANG_WARN_BOOL_CONVERSION = YES;
				CLANG_WARN_COMMA = YES;
				CLANG_WARN_CONSTANT_CONVERSION = YES;
				CLANG_WARN_DEPRECATED_OBJC_IMPLEMENTATIONS = YES;
				CLANG_WARN_DIRECT_OBJC_ISA_USAGE = YES_ERROR;
				CLANG_WARN_DOCUMENTATION_COMMENTS = YES;
				CLANG_WARN_EMPTY_BODY = YES;
				CLANG_WARN_ENUM_CONVERSION = YES;
				CLANG_WARN_INFINITE_RECURSION = YES;
				CLANG_WARN_INT_CONVERSION = YES;
				CLANG_WARN_NON_LITERAL_NULL_CONVERSION = YES;
				CLANG_WARN_OBJC_IMPLICIT_RETAIN_SELF = YES;
				CLANG_WARN_OBJC_LITERAL_CONVERSION = YES;
				CLANG_WARN_OBJC_ROOT_CLASS = YES_ERROR;
				CLANG_WARN_RANGE_LOOP_ANALYSIS = YES;
				CLANG_WARN_STRICT_PROTOTYPES = YES;
				CLANG_WARN_SUSPICIOUS_MOVE = YES;
				CLANG_WARN_UNGUARDED_AVAILABILITY = YES_AGGRESSIVE;
				CLANG_WARN_UNREACHABLE_CODE = YES;
				CLANG_WARN__DUPLICATE_METHOD_MATCH = YES;
				CODE_SIGN_IDENTITY = "iPhone Developer";
				COPY_PHASE_STRIP = NO;
				DEBUG_INFORMATION_FORMAT = "dwarf-with-dsym";
				ENABLE_NS_ASSERTIONS = NO;
				ENABLE_STRICT_OBJC_MSGSEND = YES;
				GCC_C_LANGUAGE_STANDARD = gnu11;
				GCC_NO_COMMON_BLOCKS = YES;
				GCC_WARN_64_TO_32_BIT_CONVERSION = YES;
				GCC_WARN_ABOUT_RETURN_TYPE = YES_ERROR;
				GCC_WARN_UNDECLARED_SELECTOR = YES;
				GCC_WARN_UNINITIALIZED_AUTOS = YES_AGGRESSIVE;
				GCC_WARN_UNUSED_FUNCTION = YES;
				GCC_WARN_UNUSED_VARIABLE = YES;
				IPHONEOS_DEPLOYMENT_TARGET = 10.0;
				MTL_ENABLE_DEBUG_INFO = NO;
				MTL_FAST_MATH = YES;
				SDKROOT = iphoneos;
				SWIFT_COMPILATION_MODE = wholemodule;
				SWIFT_OPTIMIZATION_LEVEL = "-O";
				VALIDATE_PRODUCT = YES;
			};
			name = Release;
		};
		571B1506223A935D00630C8F /* Debug */ = {
			isa = XCBuildConfiguration;
			baseConfigurationReference = 3DC32AC7AD504D0A2DA0FB7B /* Pods-Commun.debug.xcconfig */;
			buildSettings = {
				ASSETCATALOG_COMPILER_APPICON_NAME = AppIcon;
				CODE_SIGN_STYLE = Automatic;
				INFOPLIST_FILE = Commun/Info.plist;
				IPHONEOS_DEPLOYMENT_TARGET = 10.0;
				LD_RUNPATH_SEARCH_PATHS = (
					"$(inherited)",
					"@executable_path/Frameworks",
				);
				PRODUCT_BUNDLE_IDENTIFIER = io.commun.eos.ios;
				PRODUCT_NAME = "$(TARGET_NAME)";
				SWIFT_VERSION = 4.2;
				TARGETED_DEVICE_FAMILY = "1,2";
			};
			name = Debug;
		};
		571B1507223A935D00630C8F /* Release */ = {
			isa = XCBuildConfiguration;
			baseConfigurationReference = 8F718AA90733822C063D8D9F /* Pods-Commun.release.xcconfig */;
			buildSettings = {
				ASSETCATALOG_COMPILER_APPICON_NAME = AppIcon;
				CODE_SIGN_STYLE = Automatic;
				INFOPLIST_FILE = Commun/Info.plist;
				IPHONEOS_DEPLOYMENT_TARGET = 10.0;
				LD_RUNPATH_SEARCH_PATHS = (
					"$(inherited)",
					"@executable_path/Frameworks",
				);
				PRODUCT_BUNDLE_IDENTIFIER = io.commun.eos.ios;
				PRODUCT_NAME = "$(TARGET_NAME)";
				SWIFT_VERSION = 4.2;
				TARGETED_DEVICE_FAMILY = "1,2";
			};
			name = Release;
		};
/* End XCBuildConfiguration section */

/* Begin XCConfigurationList section */
		571B14EB223A935C00630C8F /* Build configuration list for PBXProject "Commun" */ = {
			isa = XCConfigurationList;
			buildConfigurations = (
				571B1503223A935D00630C8F /* Debug */,
				571B1504223A935D00630C8F /* Release */,
			);
			defaultConfigurationIsVisible = 0;
			defaultConfigurationName = Release;
		};
		571B1505223A935D00630C8F /* Build configuration list for PBXNativeTarget "Commun" */ = {
			isa = XCConfigurationList;
			buildConfigurations = (
				571B1506223A935D00630C8F /* Debug */,
				571B1507223A935D00630C8F /* Release */,
			);
			defaultConfigurationIsVisible = 0;
			defaultConfigurationName = Release;
		};
/* End XCConfigurationList section */

/* Begin XCVersionGroup section */
		571B14FA223A935C00630C8F /* Commun.xcdatamodeld */ = {
			isa = XCVersionGroup;
			children = (
				571B14FB223A935C00630C8F /* Commun.xcdatamodel */,
			);
			currentVersion = 571B14FB223A935C00630C8F /* Commun.xcdatamodel */;
			path = Commun.xcdatamodeld;
			sourceTree = "<group>";
			versionGroupType = wrapper.xcdatamodel;
		};
/* End XCVersionGroup section */
	};
	rootObject = 571B14E8223A935C00630C8F /* Project object */;
}
